
Microsoft Visual Studio Solution File, Format Version 12.00
# Visual Studio Version 16
VisualStudioVersion = 16.0.29009.5
MinimumVisualStudioVersion = 10.0.40219.1
Project("{FAE04EC0-301F-11D3-BF4B-00C04F79EFBC}") = "RssianRoullete", "RssianRoullete\RssianRoullete.csproj", "{08F46BB7-A0FD-4F2D-8D9A-1116EA4F3437}"
EndProject
Project("{FAE04EC0-301F-11D3-BF4B-00C04F79EFBC}") = "RussianUnitTesting", "RussianUnitTesting\RussianUnitTesting.csproj", "{4EF01E9C-4E61-45D1-808A-96E08E32A176}"
EndProject
Global
	GlobalSection(SolutionConfigurationPlatforms) = preSolution
		Debug|Any CPU = Debug|Any CPU
		Debug|x64 = Debug|x64
		Release|Any CPU = Release|Any CPU
		Release|x64 = Release|x64
	EndGlobalSection
	GlobalSection(ProjectConfigurationPlatforms) = postSolution
		{08F46BB7-A0FD-4F2D-8D9A-1116EA4F3437}.Debug|Any CPU.ActiveCfg = Debug|Any CPU
		{08F46BB7-A0FD-4F2D-8D9A-1116EA4F3437}.Debug|Any CPU.Build.0 = Debug|Any CPU
		{08F46BB7-A0FD-4F2D-8D9A-1116EA4F3437}.Debug|x64.ActiveCfg = Debug|x64
		{08F46BB7-A0FD-4F2D-8D9A-1116EA4F3437}.Debug|x64.Build.0 = Debug|x64
		{08F46BB7-A0FD-4F2D-8D9A-1116EA4F3437}.Release|Any CPU.ActiveCfg = Release|Any CPU
		{08F46BB7-A0FD-4F2D-8D9A-1116EA4F3437}.Release|Any CPU.Build.0 = Release|Any CPU
		{08F46BB7-A0FD-4F2D-8D9A-1116EA4F3437}.Release|x64.ActiveCfg = Release|x64
		{08F46BB7-A0FD-4F2D-8D9A-1116EA4F3437}.Release|x64.Build.0 = Release|x64
		{4EF01E9C-4E61-45D1-808A-96E08E32A176}.Debug|Any CPU.ActiveCfg = Debug|Any CPU
		{4EF01E9C-4E61-45D1-808A-96E08E32A176}.Debug|Any CPU.Build.0 = Debug|Any CPU
		{4EF01E9C-4E61-45D1-808A-96E08E32A176}.Debug|x64.ActiveCfg = Debug|x64
		{4EF01E9C-4E61-45D1-808A-96E08E32A176}.Debug|x64.Build.0 = Debug|x64
		{4EF01E9C-4E61-45D1-808A-96E08E32A176}.Release|Any CPU.ActiveCfg = Release|Any CPU
		{4EF01E9C-4E61-45D1-808A-96E08E32A176}.Release|Any CPU.Build.0 = Release|Any CPU
		{4EF01E9C-4E61-45D1-808A-96E08E32A176}.Release|x64.ActiveCfg = Release|x64
		{4EF01E9C-4E61-45D1-808A-96E08E32A176}.Release|x64.Build.0 = Release|x64
	EndGlobalSection
	GlobalSection(SolutionProperties) = preSolution
		HideSolutionNode = FALSE
	EndGlobalSection
	GlobalSection(ExtensibilityGlobals) = postSolution
		SolutionGuid = {EA0CA843-6FDE-4EB9-9EB4-DC14A111DA31}
	EndGlobalSection
EndGlobal
